
Microsoft Visual Studio Solution File, Format Version 12.00
# Visual Studio Version 16
VisualStudioVersion = 16.0.30907.101
MinimumVisualStudioVersion = 10.0.40219.1
Project("{FAE04EC0-301F-11D3-BF4B-00C04F79EFBC}") = "DesignPatterns", "DesignPatterns.csproj", "{D42E1695-AA4E-40C1-946B-18E433AF5F25}"
EndProject
Global
	GlobalSection(SolutionConfigurationPlatforms) = preSolution
		Debug|Any CPU = Debug|Any CPU
		Release|Any CPU = Release|Any CPU
	EndGlobalSection
	GlobalSection(ProjectConfigurationPlatforms) = postSolution
		{D42E1695-AA4E-40C1-946B-18E433AF5F25}.Debug|Any CPU.ActiveCfg = Debug|Any CPU
		{D42E1695-AA4E-40C1-946B-18E433AF5F25}.Debug|Any CPU.Build.0 = Debug|Any CPU
		{D42E1695-AA4E-40C1-946B-18E433AF5F25}.Release|Any CPU.ActiveCfg = Release|Any CPU
		{D42E1695-AA4E-40C1-946B-18E433AF5F25}.Release|Any CPU.Build.0 = Release|Any CPU
	EndGlobalSection
	GlobalSection(SolutionProperties) = preSolution
		HideSolutionNode = FALSE
	EndGlobalSection
	GlobalSection(ExtensibilityGlobals) = postSolution
		SolutionGuid = {5F1CBDFF-1413-49AC-A3DA-49A8B011D8CA}
	EndGlobalSection
EndGlobal
